# This file was autogenerated by Stack.
# You should not edit this file by hand.
# For more information, please see the documentation at:
#   https://docs.haskellstack.org/en/stable/lock_files

packages:
- completed:
    hackage: llvm-hs-pretty-0.6.2.0@sha256:4c600122965e8dff586bdca0044ec2b1896f2875c2da5ad89bbab9799c9697cd,1670
    pantry-tree:
      size: 4741
      sha256: dbad27efec25efc9bb739682f0770953086119bdb85b84c09ce103ddde1b5343
  original:
    hackage: llvm-hs-pretty-0.6.2.0
snapshots:
- completed:
    size: 395366
    url: https://raw.githubusercontent.com/commercialhaskell/stackage-snapshots/master/nightly/2019/10/7.yaml
    sha256: a8acf906381460fbeed9cb422352c74aa9062f95ebe79b9ab98c5116f15330e8
  original: nightly-2019-10-07
